
Microsoft Visual Studio Solution File, Format Version 12.00
# Visual Studio Version 17
VisualStudioVersion = 17.14.36616.10 d17.14
MinimumVisualStudioVersion = 10.0.40219.1
Project("{FAE04EC0-301F-11D3-BF4B-00C04F79EFBC}") = "TodoList", "TodoList\TodoList.csproj", "{72A04898-6577-4D24-A395-A32F7E0B811F}"
EndProject
Global
	GlobalSection(SolutionConfigurationPlatforms) = preSolution
		Debug|Any CPU = Debug|Any CPU
		Release|Any CPU = Release|Any CPU
	EndGlobalSection
	GlobalSection(ProjectConfigurationPlatforms) = postSolution
		{72A04898-6577-4D24-A395-A32F7E0B811F}.Debug|Any CPU.ActiveCfg = Debug|Any CPU
		{72A04898-6577-4D24-A395-A32F7E0B811F}.Debug|Any CPU.Build.0 = Debug|Any CPU
		{72A04898-6577-4D24-A395-A32F7E0B811F}.Release|Any CPU.ActiveCfg = Release|Any CPU
		{72A04898-6577-4D24-A395-A32F7E0B811F}.Release|Any CPU.Build.0 = Release|Any CPU
	EndGlobalSection
	GlobalSection(SolutionProperties) = preSolution
		HideSolutionNode = FALSE
	EndGlobalSection
	GlobalSection(ExtensibilityGlobals) = postSolution
		SolutionGuid = {E7BCA3A4-AD24-4FEB-ADB4-B56C665F6915}
	EndGlobalSection
EndGlobal
